
Microsoft Visual Studio Solution File, Format Version 12.00
# Visual Studio Version 16
VisualStudioVersion = 16.0.32428.217
MinimumVisualStudioVersion = 10.0.40219.1
Project("{FAE04EC0-301F-11D3-BF4B-00C04F79EFBC}") = "MusicCatalogAPI", "MusicCatalogAPI\MusicCatalogAPI.csproj", "{2130337B-2C8F-46C9-A712-67556AFEF2CC}"
EndProject
Global
	GlobalSection(SolutionConfigurationPlatforms) = preSolution
		Debug|Any CPU = Debug|Any CPU
		Release|Any CPU = Release|Any CPU
	EndGlobalSection
	GlobalSection(ProjectConfigurationPlatforms) = postSolution
		{2130337B-2C8F-46C9-A712-67556AFEF2CC}.Debug|Any CPU.ActiveCfg = Debug|Any CPU
		{2130337B-2C8F-46C9-A712-67556AFEF2CC}.Debug|Any CPU.Build.0 = Debug|Any CPU
		{2130337B-2C8F-46C9-A712-67556AFEF2CC}.Release|Any CPU.ActiveCfg = Release|Any CPU
		{2130337B-2C8F-46C9-A712-67556AFEF2CC}.Release|Any CPU.Build.0 = Release|Any CPU
	EndGlobalSection
	GlobalSection(SolutionProperties) = preSolution
		HideSolutionNode = FALSE
	EndGlobalSection
	GlobalSection(ExtensibilityGlobals) = postSolution
		SolutionGuid = {C8C15BC4-DC59-4DFF-B6D4-812C1833FC0E}
	EndGlobalSection
EndGlobal
